k8s.io/api v0.29.2/go.mod h1:sdIaaKuU7P44aoyyLlikSLayT6Vb7bvJNCX105xZXY0=
k8s.io/apimachinery v0.29.2/go.mod h1:6HVkd1FwxIagpYrHSwJlQqZI3G9LfYWRPAkUvLnXTKU=
k8s.io/client-go v0.29.2/go.mod h1:knlvFZE58VpqbQpJNbCbctTVXcd35mMyAAwBdpt4jrA=
sigs.k8s.io/controller-runtime v0.17.2/go.mod h1:+MngTvIQQQhfXtwfdGw/UOQ/aIaqsYywfCINOtwMO/s=
